
Microsoft Visual Studio Solution File, Format Version 12.00
Project("{2150E333-8FDC-42A3-9474-1A3956D46DE8}") = "src", "src", "{22ECA5D0-49E7-495A-8898-CF32CEF368AB}"
EndProject
Project("{2150E333-8FDC-42A3-9474-1A3956D46DE8}") = "tests", "tests", "{C91B4EA7-1354-4829-B662-BB79D1CADCD9}"
EndProject
Project("{FAE04EC0-301F-11D3-BF4B-00C04F79EFBC}") = "Mailbox.Server", "src\Mailbox.Server\Mailbox.Server.csproj", "{86F6477C-2F54-4EA9-B5EC-8BFADD4810CE}"
EndProject
Project("{FAE04EC0-301F-11D3-BF4B-00C04F79EFBC}") = "Mailbox.Persistence", "src\Mailbox.Persistence\Mailbox.Persistence.csproj", "{8706F4F6-707C-4B21-A50F-02C974084AD9}"
EndProject
Project("{FAE04EC0-301F-11D3-BF4B-00C04F79EFBC}") = "Mailbox.Shared", "src\Mailbox.Shared\Mailbox.Shared.csproj", "{BA79F82E-47EE-43CC-8758-BFF35C04489B}"
EndProject
Project("{FAE04EC0-301F-11D3-BF4B-00C04F79EFBC}") = "Mailbox.Services", "src\Mailbox.Services\Mailbox.Services.csproj", "{3931933E-3138-45D0-9E44-3FA881BEE499}"
EndProject
Project("{FAE04EC0-301F-11D3-BF4B-00C04F79EFBC}") = "Mailbox.Domain", "src\Mailbox.Domain\Mailbox.Domain.csproj", "{3FCCBE51-15F3-4605-874F-66E63068BD42}"
EndProject
Global
	GlobalSection(SolutionConfigurationPlatforms) = preSolution
		Debug|Any CPU = Debug|Any CPU
		Release|Any CPU = Release|Any CPU
	EndGlobalSection
	GlobalSection(NestedProjects) = preSolution
		{86F6477C-2F54-4EA9-B5EC-8BFADD4810CE} = {22ECA5D0-49E7-495A-8898-CF32CEF368AB}
		{8706F4F6-707C-4B21-A50F-02C974084AD9} = {22ECA5D0-49E7-495A-8898-CF32CEF368AB}
		{BA79F82E-47EE-43CC-8758-BFF35C04489B} = {22ECA5D0-49E7-495A-8898-CF32CEF368AB}
		{3931933E-3138-45D0-9E44-3FA881BEE499} = {22ECA5D0-49E7-495A-8898-CF32CEF368AB}
		{3FCCBE51-15F3-4605-874F-66E63068BD42} = {22ECA5D0-49E7-495A-8898-CF32CEF368AB}
	EndGlobalSection
	GlobalSection(ProjectConfigurationPlatforms) = postSolution
		{86F6477C-2F54-4EA9-B5EC-8BFADD4810CE}.Debug|Any CPU.ActiveCfg = Debug|Any CPU
		{86F6477C-2F54-4EA9-B5EC-8BFADD4810CE}.Debug|Any CPU.Build.0 = Debug|Any CPU
		{86F6477C-2F54-4EA9-B5EC-8BFADD4810CE}.Release|Any CPU.ActiveCfg = Release|Any CPU
		{86F6477C-2F54-4EA9-B5EC-8BFADD4810CE}.Release|Any CPU.Build.0 = Release|Any CPU
		{8706F4F6-707C-4B21-A50F-02C974084AD9}.Debug|Any CPU.ActiveCfg = Debug|Any CPU
		{8706F4F6-707C-4B21-A50F-02C974084AD9}.Debug|Any CPU.Build.0 = Debug|Any CPU
		{8706F4F6-707C-4B21-A50F-02C974084AD9}.Release|Any CPU.ActiveCfg = Release|Any CPU
		{8706F4F6-707C-4B21-A50F-02C974084AD9}.Release|Any CPU.Build.0 = Release|Any CPU
		{BA79F82E-47EE-43CC-8758-BFF35C04489B}.Debug|Any CPU.ActiveCfg = Debug|Any CPU
		{BA79F82E-47EE-43CC-8758-BFF35C04489B}.Debug|Any CPU.Build.0 = Debug|Any CPU
		{BA79F82E-47EE-43CC-8758-BFF35C04489B}.Release|Any CPU.ActiveCfg = Release|Any CPU
		{BA79F82E-47EE-43CC-8758-BFF35C04489B}.Release|Any CPU.Build.0 = Release|Any CPU
		{3931933E-3138-45D0-9E44-3FA881BEE499}.Debug|Any CPU.ActiveCfg = Debug|Any CPU
		{3931933E-3138-45D0-9E44-3FA881BEE499}.Debug|Any CPU.Build.0 = Debug|Any CPU
		{3931933E-3138-45D0-9E44-3FA881BEE499}.Release|Any CPU.ActiveCfg = Release|Any CPU
		{3931933E-3138-45D0-9E44-3FA881BEE499}.Release|Any CPU.Build.0 = Release|Any CPU
		{3FCCBE51-15F3-4605-874F-66E63068BD42}.Debug|Any CPU.ActiveCfg = Debug|Any CPU
		{3FCCBE51-15F3-4605-874F-66E63068BD42}.Debug|Any CPU.Build.0 = Debug|Any CPU
		{3FCCBE51-15F3-4605-874F-66E63068BD42}.Release|Any CPU.ActiveCfg = Release|Any CPU
		{3FCCBE51-15F3-4605-874F-66E63068BD42}.Release|Any CPU.Build.0 = Release|Any CPU
	EndGlobalSection
EndGlobal
